
Microsoft Visual Studio Solution File, Format Version 12.00
# Visual Studio Version 16
VisualStudioVersion = 16.0.30114.105
MinimumVisualStudioVersion = 10.0.40219.1
Project("{9A19103F-16F7-4668-BE54-9A1E7A4F7556}") = "StudentApi", "StudentApi\StudentApi.csproj", "{A6742814-FE09-4F25-A307-7DCD7072CAAF}"
EndProject
Project("{9A19103F-16F7-4668-BE54-9A1E7A4F7556}") = "Student.DataLayer", "Student.DataLayer\Student.DataLayer.csproj", "{59D33DC3-8374-471D-8823-BD69174B6AED}"
EndProject
Project("{9A19103F-16F7-4668-BE54-9A1E7A4F7556}") = "Student.ServiceLayer", "Student.ServiceLayer\Student.ServiceLayer.csproj", "{6846D9E8-2DE2-4E23-806E-725A6391163A}"
EndProject
Project("{FAE04EC0-301F-11D3-BF4B-00C04F79EFBC}") = "Student.TestProject", "Student.TestProject\Student.TestProject.csproj", "{E56ED8D1-9FF2-4D04-BD88-A9757D214B6E}"
EndProject
Global
	GlobalSection(SolutionConfigurationPlatforms) = preSolution
		Debug|Any CPU = Debug|Any CPU
		Release|Any CPU = Release|Any CPU
	EndGlobalSection
	GlobalSection(ProjectConfigurationPlatforms) = postSolution
		{A6742814-FE09-4F25-A307-7DCD7072CAAF}.Debug|Any CPU.ActiveCfg = Debug|Any CPU
		{A6742814-FE09-4F25-A307-7DCD7072CAAF}.Debug|Any CPU.Build.0 = Debug|Any CPU
		{A6742814-FE09-4F25-A307-7DCD7072CAAF}.Release|Any CPU.ActiveCfg = Release|Any CPU
		{A6742814-FE09-4F25-A307-7DCD7072CAAF}.Release|Any CPU.Build.0 = Release|Any CPU
		{59D33DC3-8374-471D-8823-BD69174B6AED}.Debug|Any CPU.ActiveCfg = Debug|Any CPU
		{59D33DC3-8374-471D-8823-BD69174B6AED}.Debug|Any CPU.Build.0 = Debug|Any CPU
		{59D33DC3-8374-471D-8823-BD69174B6AED}.Release|Any CPU.ActiveCfg = Release|Any CPU
		{59D33DC3-8374-471D-8823-BD69174B6AED}.Release|Any CPU.Build.0 = Release|Any CPU
		{6846D9E8-2DE2-4E23-806E-725A6391163A}.Debug|Any CPU.ActiveCfg = Debug|Any CPU
		{6846D9E8-2DE2-4E23-806E-725A6391163A}.Debug|Any CPU.Build.0 = Debug|Any CPU
		{6846D9E8-2DE2-4E23-806E-725A6391163A}.Release|Any CPU.ActiveCfg = Release|Any CPU
		{6846D9E8-2DE2-4E23-806E-725A6391163A}.Release|Any CPU.Build.0 = Release|Any CPU
		{E56ED8D1-9FF2-4D04-BD88-A9757D214B6E}.Debug|Any CPU.ActiveCfg = Debug|Any CPU
		{E56ED8D1-9FF2-4D04-BD88-A9757D214B6E}.Debug|Any CPU.Build.0 = Debug|Any CPU
		{E56ED8D1-9FF2-4D04-BD88-A9757D214B6E}.Release|Any CPU.ActiveCfg = Release|Any CPU
		{E56ED8D1-9FF2-4D04-BD88-A9757D214B6E}.Release|Any CPU.Build.0 = Release|Any CPU
	EndGlobalSection
	GlobalSection(SolutionProperties) = preSolution
		HideSolutionNode = FALSE
	EndGlobalSection
	GlobalSection(ExtensibilityGlobals) = postSolution
		SolutionGuid = {5AF99D69-7395-434B-88A3-7728448D8F85}
	EndGlobalSection
EndGlobal
